
Microsoft Visual Studio Solution File, Format Version 12.00
# Visual Studio Version 17
VisualStudioVersion = 17.9.34728.123
MinimumVisualStudioVersion = 10.0.40219.1
Project("{FAE04EC0-301F-11D3-BF4B-00C04F79EFBC}") = "Emgu CV Gui-Based Edge Detection And Image Segmentation", "Emgu CV Gui-Based Edge Detection And Image Segmentation.csproj", "{2A48F358-3E24-4FE6-B319-76140BE9C2F2}"
EndProject
Global
	GlobalSection(SolutionConfigurationPlatforms) = preSolution
		Debug|Any CPU = Debug|Any CPU
		Release|Any CPU = Release|Any CPU
	EndGlobalSection
	GlobalSection(ProjectConfigurationPlatforms) = postSolution
		{2A48F358-3E24-4FE6-B319-76140BE9C2F2}.Debug|Any CPU.ActiveCfg = Debug|Any CPU
		{2A48F358-3E24-4FE6-B319-76140BE9C2F2}.Debug|Any CPU.Build.0 = Debug|Any CPU
		{2A48F358-3E24-4FE6-B319-76140BE9C2F2}.Release|Any CPU.ActiveCfg = Release|Any CPU
		{2A48F358-3E24-4FE6-B319-76140BE9C2F2}.Release|Any CPU.Build.0 = Release|Any CPU
	EndGlobalSection
	GlobalSection(SolutionProperties) = preSolution
		HideSolutionNode = FALSE
	EndGlobalSection
	GlobalSection(ExtensibilityGlobals) = postSolution
		SolutionGuid = {C992CC50-7258-4D17-98DF-CCDBDAA37326}
	EndGlobalSection
EndGlobal
